
Microsoft Visual Studio Solution File, Format Version 12.00
# Visual Studio 15
VisualStudioVersion = 15.0.28307.1082
MinimumVisualStudioVersion = 10.0.40219.1
Project("{2150E333-8FDC-42A3-9474-1A3956D46DE8}") = "Solution Items", "Solution Items", "{33E168E0-1DD0-4DAB-BB1D-44BFAECF9662}"
	ProjectSection(SolutionItems) = preProject
		pruebaGit.html = pruebaGit.html
	EndProjectSection
EndProject
Global
	GlobalSection(SolutionProperties) = preSolution
		HideSolutionNode = FALSE
	EndGlobalSection
	GlobalSection(ExtensibilityGlobals) = postSolution
		SolutionGuid = {B3005537-78A4-4928-B7B0-A88B2A39BF06}
	EndGlobalSection
EndGlobal
